{
  "name": "svg-editor",
  "version": "0.1.0",
  "lockfileVersion": 2,
  "requires": true,
  "packages": {
    "": {
      "name": "svg-editor",
      "version": "0.1.0",
      "license": "ISC",
      "dependencies": {
        "@types/node": "^20.9.3",
        "mbr-serv-request": "^0.2.1",
        "mbr-style": "^1.1.1",
        "splux": "^1.5.1",
        "typescript": "^5.3.2"
      }
    },
    "node_modules/@types/node": {
      "version": "20.9.5",
      "resolved": "https://registry.npmjs.org/@types/node/-/node-20.9.5.tgz",
      "integrity": "sha512-Uq2xbNq0chGg+/WQEU0LJTSs/1nKxz6u1iemLcGomkSnKokbW1fbLqc3HOqCf2JP7KjlL4QkS7oZZTrOQHQYgQ==",
      "dependencies": {
        "undici-types": "~5.26.4"
      }
    },
    "node_modules/mbr-serv-request": {
      "version": "0.2.1",
      "resolved": "https://registry.npmjs.org/mbr-serv-request/-/mbr-serv-request-0.2.1.tgz",
      "integrity": "sha512-YGpsmUg7/vSzVmcdmPCOyEH2qVZLzyatNmf0mMjb46lD2WYLTsyz6t1lwH0LZSLWaIZxc9RwH3DDgKBEInDw7w==",
      "bin": {
        "mbr-dev-server": "lib/dev-server.js"
      }
    },
    "node_modules/mbr-style": {
      "version": "1.1.1",
      "resolved": "https://registry.npmjs.org/mbr-style/-/mbr-style-1.1.1.tgz",
      "integrity": "sha512-vsRcQZjp5biuHVZKvaREgdNjOS1UMJzMAIWlmcszKTuyckwAmQW4WDUFGkibJO5K8yDH4vw0DHhRHsjdgSDA+A=="
    },
    "node_modules/splux": {
      "version": "1.5.1",
      "resolved": "https://registry.npmjs.org/splux/-/splux-1.5.1.tgz",
      "integrity": "sha512-kUWrbibiGgFJNcsoQMl0rC6cJD1B4fKvvvNU1Ge+nNrOlqq6mg3uKSKnj45C8czWr15q25BwVdTaHv9gHl48+Q=="
    },
    "node_modules/typescript": {
      "version": "5.3.2",
      "resolved": "https://registry.npmjs.org/typescript/-/typescript-5.3.2.tgz",
      "integrity": "sha512-6l+RyNy7oAHDfxC4FzSJcz9vnjTKxrLpDG5M2Vu4SHRVNg6xzqZp6LYSR9zjqQTu8DU/f5xwxUdADOkbrIX2gQ==",
      "bin": {
        "tsc": "bin/tsc",
        "tsserver": "bin/tsserver"
      },
      "engines": {
        "node": ">=14.17"
      }
    },
    "node_modules/undici-types": {
      "version": "5.26.5",
      "resolved": "https://registry.npmjs.org/undici-types/-/undici-types-5.26.5.tgz",
      "integrity": "sha512-JlCMO+ehdEIKqlFxk6IfVoAUVmgz7cU7zD/h9XZ0qzeosSHmUJVOzSQvvYSYWXkFXC+IfLKSIffhv0sVZup6pA=="
    }
  },
  "dependencies": {
    "@types/node": {
      "version": "20.9.5",
      "resolved": "https://registry.npmjs.org/@types/node/-/node-20.9.5.tgz",
      "integrity": "sha512-Uq2xbNq0chGg+/WQEU0LJTSs/1nKxz6u1iemLcGomkSnKokbW1fbLqc3HOqCf2JP7KjlL4QkS7oZZTrOQHQYgQ==",
      "requires": {
        "undici-types": "~5.26.4"
      }
    },
    "mbr-serv-request": {
      "version": "0.2.1",
      "resolved": "https://registry.npmjs.org/mbr-serv-request/-/mbr-serv-request-0.2.1.tgz",
      "integrity": "sha512-YGpsmUg7/vSzVmcdmPCOyEH2qVZLzyatNmf0mMjb46lD2WYLTsyz6t1lwH0LZSLWaIZxc9RwH3DDgKBEInDw7w=="
    },
    "mbr-style": {
      "version": "1.1.1",
      "resolved": "https://registry.npmjs.org/mbr-style/-/mbr-style-1.1.1.tgz",
      "integrity": "sha512-vsRcQZjp5biuHVZKvaREgdNjOS1UMJzMAIWlmcszKTuyckwAmQW4WDUFGkibJO5K8yDH4vw0DHhRHsjdgSDA+A=="
    },
    "splux": {
      "version": "1.5.1",
      "resolved": "https://registry.npmjs.org/splux/-/splux-1.5.1.tgz",
      "integrity": "sha512-kUWrbibiGgFJNcsoQMl0rC6cJD1B4fKvvvNU1Ge+nNrOlqq6mg3uKSKnj45C8czWr15q25BwVdTaHv9gHl48+Q=="
    },
    "typescript": {
      "version": "5.3.2",
      "resolved": "https://registry.npmjs.org/typescript/-/typescript-5.3.2.tgz",
      "integrity": "sha512-6l+RyNy7oAHDfxC4FzSJcz9vnjTKxrLpDG5M2Vu4SHRVNg6xzqZp6LYSR9zjqQTu8DU/f5xwxUdADOkbrIX2gQ=="
    },
    "undici-types": {
      "version": "5.26.5",
      "resolved": "https://registry.npmjs.org/undici-types/-/undici-types-5.26.5.tgz",
      "integrity": "sha512-JlCMO+ehdEIKqlFxk6IfVoAUVmgz7cU7zD/h9XZ0qzeosSHmUJVOzSQvvYSYWXkFXC+IfLKSIffhv0sVZup6pA=="
    }
  }
}
